<?xml version="1.0" encoding="utf-8"?>
<Project ToolsVersion="4.0" xmlns="http://schemas.microsoft.com/developer/msbuild/2003">
  <ItemGroup>
    <ClCompile Include="BTree.cpp" />
    <ClCompile Include="CustomHeap.cpp" />
    <ClCompile Include="Heap.cpp" />
    <ClCompile Include="HundredGame.cpp" />
    <ClCompile Include="PickNumber.cpp" />
    <ClCompile Include="NestedList.cpp" />
    <ClCompile Include="Plane.cpp" />
    <ClCompile Include="stdafx.cpp" />
    <ClCompile Include="Trees.cpp" />
    <ClCompile Include="WordJustifier.cpp" />
    <ClCompile Include="WordDistance.cpp" />
    <ClCompile Include="BinarySearchTree.cpp" />
    <ClCompile Include="BuddyBitmap.cpp" />
    <ClCompile Include="LRUCache.cpp" />
  </ItemGroup>
  <ItemGroup>
    <ClInclude Include="BTree.h" />
    <ClInclude Include="CustomHeap.h" />
    <ClInclude Include="Heap.h" />
    <ClInclude Include="HundredGame.h" />
    <ClInclude Include="PickNumber.h" />
    <ClInclude Include="NestedList.h" />
    <ClInclude Include="Plane.h" />
    <ClInclude Include="Point.h" />
    <ClInclude Include="stdafx.h" />
    <ClInclude Include="targetver.h" />
    <ClInclude Include="WordJustifier.h" />
    <ClInclude Include="WordDistance.h" />
    <ClInclude Include="BinarySearchTree.h" />
    <ClInclude Include="BuddyBitmap.h" />
    <ClInclude Include="LRUCache.h" />
  </ItemGroup>
  <ItemGroup>
    <None Include="ReadMe.txt" />
  </ItemGroup>
</Project>